
Microsoft Visual Studio Solution File, Format Version 12.00
Project("{FAE04EC0-301F-11D3-BF4B-00C04F79EFBC}") = "DbORM", "DbORM\DbORM.csproj", "{76C32BCB-DD3E-460B-926B-438B5CAE5E23}"
EndProject
Project("{FAE04EC0-301F-11D3-BF4B-00C04F79EFBC}") = "DbORM.models", "DbORM.models\DbORM.models.csproj", "{510E1AC8-5EEF-4B2F-8ED5-E17047120866}"
EndProject
Global
	GlobalSection(SolutionConfigurationPlatforms) = preSolution
		Debug|Any CPU = Debug|Any CPU
		Release|Any CPU = Release|Any CPU
	EndGlobalSection
	GlobalSection(ProjectConfigurationPlatforms) = postSolution
		{76C32BCB-DD3E-460B-926B-438B5CAE5E23}.Debug|Any CPU.ActiveCfg = Debug|Any CPU
		{76C32BCB-DD3E-460B-926B-438B5CAE5E23}.Debug|Any CPU.Build.0 = Debug|Any CPU
		{76C32BCB-DD3E-460B-926B-438B5CAE5E23}.Release|Any CPU.ActiveCfg = Release|Any CPU
		{76C32BCB-DD3E-460B-926B-438B5CAE5E23}.Release|Any CPU.Build.0 = Release|Any CPU
		{510E1AC8-5EEF-4B2F-8ED5-E17047120866}.Debug|Any CPU.ActiveCfg = Debug|Any CPU
		{510E1AC8-5EEF-4B2F-8ED5-E17047120866}.Debug|Any CPU.Build.0 = Debug|Any CPU
		{510E1AC8-5EEF-4B2F-8ED5-E17047120866}.Release|Any CPU.ActiveCfg = Release|Any CPU
		{510E1AC8-5EEF-4B2F-8ED5-E17047120866}.Release|Any CPU.Build.0 = Release|Any CPU
	EndGlobalSection
EndGlobal
